
Microsoft Visual Studio Solution File, Format Version 12.00
# Visual Studio Version 16
VisualStudioVersion = 16.0.29911.84
MinimumVisualStudioVersion = 10.0.40219.1
Project("{FAE04EC0-301F-11D3-BF4B-00C04F79EFBC}") = "Chapter3", "Chapter3\Chapter3.csproj", "{01B515F9-D468-47D8-B3FF-6C8D9E1FC482}"
EndProject
Project("{FAE04EC0-301F-11D3-BF4B-00C04F79EFBC}") = "ensyu3", "ensyu3\ensyu3.csproj", "{E8DFFFE7-8DD4-400B-9E01-8AC739DEAB57}"
EndProject
Project("{FAE04EC0-301F-11D3-BF4B-00C04F79EFBC}") = "Chapter4", "Chapter4\Chapter4.csproj", "{B9BBF608-C554-4ECD-8BC3-3F49E2C1054F}"
EndProject
Project("{FAE04EC0-301F-11D3-BF4B-00C04F79EFBC}") = "ensyu4", "ensyu4\ensyu4.csproj", "{3215D1D6-9374-47F8-BAC8-F3F73F9254CA}"
EndProject
Project("{FAE04EC0-301F-11D3-BF4B-00C04F79EFBC}") = "ensyu5", "ensyu5\ensyu5.csproj", "{281C239D-5DC9-4E54-86EE-A6A303D757A7}"
EndProject
Project("{FAE04EC0-301F-11D3-BF4B-00C04F79EFBC}") = "Chapter6", "Chapter6\Chapter6.csproj", "{C995BF26-BF50-4F6F-938B-805149FD27B2}"
EndProject
Project("{FAE04EC0-301F-11D3-BF4B-00C04F79EFBC}") = "ensyu6", "ensyu6\ensyu6.csproj", "{52536CBA-D27E-4F7E-89A0-0AFA32797A86}"
EndProject
Project("{FAE04EC0-301F-11D3-BF4B-00C04F79EFBC}") = "Chapter7", "Chapter7\Chapter7.csproj", "{688CE536-2E37-43F8-9CDC-A1A384BE999B}"
EndProject
Project("{FAE04EC0-301F-11D3-BF4B-00C04F79EFBC}") = "ensyu7", "ensyu7\ensyu7.csproj", "{AA425D37-9102-4179-B880-FA4595ADE232}"
EndProject
Project("{FAE04EC0-301F-11D3-BF4B-00C04F79EFBC}") = "SampleAplication", "SampleAplication\SampleAplication.csproj", "{5400A1A5-6583-493D-B8F6-8C712C0248E9}"
EndProject
Project("{FAE04EC0-301F-11D3-BF4B-00C04F79EFBC}") = "SendMailApp", "SendMailApp\SendMailApp.csproj", "{EF531786-E291-45F4-AB76-F038EAF39C73}"
EndProject
Global
	GlobalSection(SolutionConfigurationPlatforms) = preSolution
		Debug|Any CPU = Debug|Any CPU
		Release|Any CPU = Release|Any CPU
	EndGlobalSection
	GlobalSection(ProjectConfigurationPlatforms) = postSolution
		{01B515F9-D468-47D8-B3FF-6C8D9E1FC482}.Debug|Any CPU.ActiveCfg = Debug|Any CPU
		{01B515F9-D468-47D8-B3FF-6C8D9E1FC482}.Debug|Any CPU.Build.0 = Debug|Any CPU
		{01B515F9-D468-47D8-B3FF-6C8D9E1FC482}.Release|Any CPU.ActiveCfg = Release|Any CPU
		{01B515F9-D468-47D8-B3FF-6C8D9E1FC482}.Release|Any CPU.Build.0 = Release|Any CPU
		{E8DFFFE7-8DD4-400B-9E01-8AC739DEAB57}.Debug|Any CPU.ActiveCfg = Debug|Any CPU
		{E8DFFFE7-8DD4-400B-9E01-8AC739DEAB57}.Debug|Any CPU.Build.0 = Debug|Any CPU
		{E8DFFFE7-8DD4-400B-9E01-8AC739DEAB57}.Release|Any CPU.ActiveCfg = Release|Any CPU
		{E8DFFFE7-8DD4-400B-9E01-8AC739DEAB57}.Release|Any CPU.Build.0 = Release|Any CPU
		{B9BBF608-C554-4ECD-8BC3-3F49E2C1054F}.Debug|Any CPU.ActiveCfg = Debug|Any CPU
		{B9BBF608-C554-4ECD-8BC3-3F49E2C1054F}.Debug|Any CPU.Build.0 = Debug|Any CPU
		{B9BBF608-C554-4ECD-8BC3-3F49E2C1054F}.Release|Any CPU.ActiveCfg = Release|Any CPU
		{B9BBF608-C554-4ECD-8BC3-3F49E2C1054F}.Release|Any CPU.Build.0 = Release|Any CPU
		{3215D1D6-9374-47F8-BAC8-F3F73F9254CA}.Debug|Any CPU.ActiveCfg = Debug|Any CPU
		{3215D1D6-9374-47F8-BAC8-F3F73F9254CA}.Debug|Any CPU.Build.0 = Debug|Any CPU
		{3215D1D6-9374-47F8-BAC8-F3F73F9254CA}.Release|Any CPU.ActiveCfg = Release|Any CPU
		{3215D1D6-9374-47F8-BAC8-F3F73F9254CA}.Release|Any CPU.Build.0 = Release|Any CPU
		{281C239D-5DC9-4E54-86EE-A6A303D757A7}.Debug|Any CPU.ActiveCfg = Debug|Any CPU
		{281C239D-5DC9-4E54-86EE-A6A303D757A7}.Debug|Any CPU.Build.0 = Debug|Any CPU
		{281C239D-5DC9-4E54-86EE-A6A303D757A7}.Release|Any CPU.ActiveCfg = Release|Any CPU
		{281C239D-5DC9-4E54-86EE-A6A303D757A7}.Release|Any CPU.Build.0 = Release|Any CPU
		{C995BF26-BF50-4F6F-938B-805149FD27B2}.Debug|Any CPU.ActiveCfg = Debug|Any CPU
		{C995BF26-BF50-4F6F-938B-805149FD27B2}.Debug|Any CPU.Build.0 = Debug|Any CPU
		{C995BF26-BF50-4F6F-938B-805149FD27B2}.Release|Any CPU.ActiveCfg = Release|Any CPU
		{C995BF26-BF50-4F6F-938B-805149FD27B2}.Release|Any CPU.Build.0 = Release|Any CPU
		{52536CBA-D27E-4F7E-89A0-0AFA32797A86}.Debug|Any CPU.ActiveCfg = Debug|Any CPU
		{52536CBA-D27E-4F7E-89A0-0AFA32797A86}.Debug|Any CPU.Build.0 = Debug|Any CPU
		{52536CBA-D27E-4F7E-89A0-0AFA32797A86}.Release|Any CPU.ActiveCfg = Release|Any CPU
		{52536CBA-D27E-4F7E-89A0-0AFA32797A86}.Release|Any CPU.Build.0 = Release|Any CPU
		{688CE536-2E37-43F8-9CDC-A1A384BE999B}.Debug|Any CPU.ActiveCfg = Debug|Any CPU
		{688CE536-2E37-43F8-9CDC-A1A384BE999B}.Debug|Any CPU.Build.0 = Debug|Any CPU
		{688CE536-2E37-43F8-9CDC-A1A384BE999B}.Release|Any CPU.ActiveCfg = Release|Any CPU
		{688CE536-2E37-43F8-9CDC-A1A384BE999B}.Release|Any CPU.Build.0 = Release|Any CPU
		{AA425D37-9102-4179-B880-FA4595ADE232}.Debug|Any CPU.ActiveCfg = Debug|Any CPU
		{AA425D37-9102-4179-B880-FA4595ADE232}.Debug|Any CPU.Build.0 = Debug|Any CPU
		{AA425D37-9102-4179-B880-FA4595ADE232}.Release|Any CPU.ActiveCfg = Release|Any CPU
		{AA425D37-9102-4179-B880-FA4595ADE232}.Release|Any CPU.Build.0 = Release|Any CPU
		{5400A1A5-6583-493D-B8F6-8C712C0248E9}.Debug|Any CPU.ActiveCfg = Debug|Any CPU
		{5400A1A5-6583-493D-B8F6-8C712C0248E9}.Debug|Any CPU.Build.0 = Debug|Any CPU
		{5400A1A5-6583-493D-B8F6-8C712C0248E9}.Release|Any CPU.ActiveCfg = Release|Any CPU
		{5400A1A5-6583-493D-B8F6-8C712C0248E9}.Release|Any CPU.Build.0 = Release|Any CPU
		{EF531786-E291-45F4-AB76-F038EAF39C73}.Debug|Any CPU.ActiveCfg = Debug|Any CPU
		{EF531786-E291-45F4-AB76-F038EAF39C73}.Debug|Any CPU.Build.0 = Debug|Any CPU
		{EF531786-E291-45F4-AB76-F038EAF39C73}.Release|Any CPU.ActiveCfg = Release|Any CPU
		{EF531786-E291-45F4-AB76-F038EAF39C73}.Release|Any CPU.Build.0 = Release|Any CPU
	EndGlobalSection
	GlobalSection(SolutionProperties) = preSolution
		HideSolutionNode = FALSE
	EndGlobalSection
	GlobalSection(ExtensibilityGlobals) = postSolution
		SolutionGuid = {D1E16211-7FAB-4A89-AC98-6289F9EF43B4}
	EndGlobalSection
EndGlobal
